hash: ac1f481779b55092c053ff2a5b8f5f765b03a81da9fc9334c4a8fa529c513a69
updated: 2016-12-31T02:45:31.801688008+09:00
imports:
- name: github.com/aws/aws-sdk-go
  version: 6c577e9e7b08a6d10bad1c9703227cd0403a8dd7
- name: github.com/go-redis/redis
  version: b7bae3a78050e2e7ec2130a05cde296a9ff2e9c0
- name: github.com/pkg/errors
  version: 645ef00459ed84a119197bfb8d8205042c6df63d
- name: github.com/rs/cors
  version: a62a804a8a009876ca59105f7899938a1349f4b3
- name: github.com/urfave/negroni
  version: fde5e16d32adc7ad637e9cd9ad21d4ebc6192535
testImports:
- name: github.com/golang/mock
  version: ""
