hash: 53cb38274d788010582d39a83a598d6ef458f8e787d81b1053d0cd2d16aad29e
updated: 2017-06-30T22:44:50.312237449+09:00
imports:
- name: github.com/alicebob/miniredis
  version: 995ba133bd8fe5dae5a34732bd99f558b0b60e1a
  subpackages:
  - server
- name: github.com/aws/aws-sdk-go
  version: f9684fc1d5bd49f51bf61afe6fb4059fbb9060d1
  subpackages:
  - aws
  - aws/awserr
  - aws/awsutil
  - aws/client
  - aws/client/metadata
  - aws/corehandlers
  - aws/credentials
  - aws/credentials/ec2rolecreds
  - aws/credentials/endpointcreds
  - aws/credentials/stscreds
  - aws/defaults
  - aws/ec2metadata
  - aws/endpoints
  - aws/request
  - aws/session
  - aws/signer/v4
  - internal/shareddefaults
  - private/protocol
  - private/protocol/json/jsonutil
  - private/protocol/jsonrpc
  - private/protocol/query
  - private/protocol/query/queryutil
  - private/protocol/rest
  - private/protocol/xml/xmlutil
  - service/dynamodb
  - service/dynamodb/dynamodbiface
  - service/sts
- name: github.com/go-ini/ini
  version: 6f66b0e091edb3c7b380f7c4f0f884274d550b67
- name: github.com/golang/mock
  version: 93f6609a15b7de76bd49259f1f9a6b58df358936
  subpackages:
  - gomock
- name: github.com/jmespath/go-jmespath
  version: bd40a432e4c76585ef6b72d3fd96fb9b6dc7b68d
- name: github.com/kylelemons/godebug
  version: d99083b96f422f8fd5a93bc02040acec769e178f
  subpackages:
  - diff
  - pretty
- name: github.com/phyber/negroni-gzip
  version: 8118ae63850fee22b2fe43cea81d3bc149774503
  subpackages:
  - gzip
- name: github.com/pkg/errors
  version: 645ef00459ed84a119197bfb8d8205042c6df63d
- name: github.com/rs/cors
  version: 8dd4211afb5d08dbb39a533b9bb9e4b486351df6
- name: github.com/urfave/negroni
  version: fde5e16d32adc7ad637e9cd9ad21d4ebc6192535
- name: golang.org/x/net
  version: f09c4662a0bd6bd8943ac7b4931e185df9471da4
  subpackages:
  - context
- name: golang.org/x/sync
  version: 450f422ab23cf9881c94e2db30cac0eb1b7cf80c
  subpackages:
  - errgroup
- name: gopkg.in/redis.v5
  version: a16aeec10ff407b1e7be6dd35797ccf5426ef0f0
  subpackages:
  - internal
  - internal/consistenthash
  - internal/hashtag
  - internal/pool
  - internal/proto
testImports:
- name: github.com/fortytw2/leaktest
  version: 7dad53304f9614c1c365755c1176a8e876fee3e8
